
Microsoft Visual Studio Solution File, Format Version 12.00
# Visual Studio Version 17
VisualStudioVersion = 17.14.36705.20 d17.14
MinimumVisualStudioVersion = 10.0.40219.1
Project("{FAE04EC0-301F-11D3-BF4B-00C04F79EFBC}") = "Filmera", "Filmera.csproj", "{5B0AF9FE-AAB1-4702-9EB1-F6DC0172E611}"
EndProject
Global
	GlobalSection(SolutionConfigurationPlatforms) = preSolution
		Debug|Any CPU = Debug|Any CPU
		Release|Any CPU = Release|Any CPU
	EndGlobalSection
	GlobalSection(ProjectConfigurationPlatforms) = postSolution
		{5B0AF9FE-AAB1-4702-9EB1-F6DC0172E611}.Debug|Any CPU.ActiveCfg = Debug|Any CPU
		{5B0AF9FE-AAB1-4702-9EB1-F6DC0172E611}.Debug|Any CPU.Build.0 = Debug|Any CPU
		{5B0AF9FE-AAB1-4702-9EB1-F6DC0172E611}.Release|Any CPU.ActiveCfg = Release|Any CPU
		{5B0AF9FE-AAB1-4702-9EB1-F6DC0172E611}.Release|Any CPU.Build.0 = Release|Any CPU
	EndGlobalSection
	GlobalSection(SolutionProperties) = preSolution
		HideSolutionNode = FALSE
	EndGlobalSection
	GlobalSection(ExtensibilityGlobals) = postSolution
		SolutionGuid = {29031ABC-50BF-4837-928E-98ADCA1503DD}
	EndGlobalSection
EndGlobal
